
Microsoft Visual Studio Solution File, Format Version 10.00
# Visual Studio 2008
Project("{8BC9CEB8-8B4A-11D0-8D11-00A0C91BC942}") = "TriOS", "TriOS.vcproj", "{398E573C-DA25-4C93-8636-C742F78A9E3F}"
EndProject
Global
	GlobalSection(SolutionConfigurationPlatforms) = preSolution
		Debug|Win32 = Debug|Win32
		Release|Win32 = Release|Win32
	EndGlobalSection
	GlobalSection(ProjectConfigurationPlatforms) = postSolution
		{398E573C-DA25-4C93-8636-C742F78A9E3F}.Debug|Win32.ActiveCfg = Debug|Win32
		{398E573C-DA25-4C93-8636-C742F78A9E3F}.Debug|Win32.Build.0 = Debug|Win32
		{398E573C-DA25-4C93-8636-C742F78A9E3F}.Release|Win32.ActiveCfg = Release|Win32
		{398E573C-DA25-4C93-8636-C742F78A9E3F}.Release|Win32.Build.0 = Release|Win32
	EndGlobalSection
	GlobalSection(SolutionProperties) = preSolution
		HideSolutionNode = FALSE
	EndGlobalSection
EndGlobal
